
Microsoft Visual Studio Solution File, Format Version 12.00
# Visual Studio Version 17
VisualStudioVersion = 17.2.32616.157
MinimumVisualStudioVersion = 10.0.40219.1
Project("{9A19103F-16F7-4668-BE54-9A1E7A4F7556}") = "E-Commerce", "E-Commerce\E-Commerce.csproj", "{FB88EE38-54DC-44A2-8BA7-471193E24760}"
EndProject
Project("{2150E333-8FDC-42A3-9474-1A3956D46DE8}") = "Domains", "Domains", "{7235CCF1-0542-4897-8786-76B5255AFDDE}"
EndProject
Project("{9A19103F-16F7-4668-BE54-9A1E7A4F7556}") = "Comman", "Comman\Comman.csproj", "{0714C5B8-4BDC-4332-A483-E7F334778F7F}"
EndProject
Project("{9A19103F-16F7-4668-BE54-9A1E7A4F7556}") = "Products", "Products\Products.csproj", "{32313584-7921-4672-9AE6-C4923CCA0254}"
EndProject
Project("{9A19103F-16F7-4668-BE54-9A1E7A4F7556}") = "Catgories", "Categories\Catgories.csproj", "{E6B9EC51-B95F-4A58-B020-0644DAE49169}"
EndProject
Global
	GlobalSection(SolutionConfigurationPlatforms) = preSolution
		Debug|Any CPU = Debug|Any CPU
		Release|Any CPU = Release|Any CPU
	EndGlobalSection
	GlobalSection(ProjectConfigurationPlatforms) = postSolution
		{FB88EE38-54DC-44A2-8BA7-471193E24760}.Debug|Any CPU.ActiveCfg = Debug|Any CPU
		{FB88EE38-54DC-44A2-8BA7-471193E24760}.Debug|Any CPU.Build.0 = Debug|Any CPU
		{FB88EE38-54DC-44A2-8BA7-471193E24760}.Release|Any CPU.ActiveCfg = Release|Any CPU
		{FB88EE38-54DC-44A2-8BA7-471193E24760}.Release|Any CPU.Build.0 = Release|Any CPU
		{0714C5B8-4BDC-4332-A483-E7F334778F7F}.Debug|Any CPU.ActiveCfg = Debug|Any CPU
		{0714C5B8-4BDC-4332-A483-E7F334778F7F}.Debug|Any CPU.Build.0 = Debug|Any CPU
		{0714C5B8-4BDC-4332-A483-E7F334778F7F}.Release|Any CPU.ActiveCfg = Release|Any CPU
		{0714C5B8-4BDC-4332-A483-E7F334778F7F}.Release|Any CPU.Build.0 = Release|Any CPU
		{32313584-7921-4672-9AE6-C4923CCA0254}.Debug|Any CPU.ActiveCfg = Debug|Any CPU
		{32313584-7921-4672-9AE6-C4923CCA0254}.Debug|Any CPU.Build.0 = Debug|Any CPU
		{32313584-7921-4672-9AE6-C4923CCA0254}.Release|Any CPU.ActiveCfg = Release|Any CPU
		{32313584-7921-4672-9AE6-C4923CCA0254}.Release|Any CPU.Build.0 = Release|Any CPU
		{E6B9EC51-B95F-4A58-B020-0644DAE49169}.Debug|Any CPU.ActiveCfg = Debug|Any CPU
		{E6B9EC51-B95F-4A58-B020-0644DAE49169}.Debug|Any CPU.Build.0 = Debug|Any CPU
		{E6B9EC51-B95F-4A58-B020-0644DAE49169}.Release|Any CPU.ActiveCfg = Release|Any CPU
		{E6B9EC51-B95F-4A58-B020-0644DAE49169}.Release|Any CPU.Build.0 = Release|Any CPU
	EndGlobalSection
	GlobalSection(SolutionProperties) = preSolution
		HideSolutionNode = FALSE
	EndGlobalSection
	GlobalSection(NestedProjects) = preSolution
		{32313584-7921-4672-9AE6-C4923CCA0254} = {7235CCF1-0542-4897-8786-76B5255AFDDE}
		{E6B9EC51-B95F-4A58-B020-0644DAE49169} = {7235CCF1-0542-4897-8786-76B5255AFDDE}
	EndGlobalSection
	GlobalSection(ExtensibilityGlobals) = postSolution
		SolutionGuid = {5208D148-B566-4BA9-AFD0-E57DFA3DB64D}
	EndGlobalSection
EndGlobal
